// !$*UTF8*$!
{
	archiveVersion = 1;
	classes = {
	};
	objectVersion = 50;
	objects = {

/* Begin PBXBuildFile section */
		39E62EAA20FB218C00CD4E7C /* AppDelegate.swift in Sources */ = {isa = PBXBuildFile; fileRef = 39E62EA920FB218C00CD4E7C /* AppDelegate.swift */; };
		39E62EAC20FB218C00CD4E7C /* ViewController.swift in Sources */ = {isa = PBXBuildFile; fileRef = 39E62EAB20FB218C00CD4E7C /* ViewController.swift */; };
		39E62EAF20FB218C00CD4E7C /* Main.storyboard in Resources */ = {isa = PBXBuildFile; fileRef = 39E62EAD20FB218C00CD4E7C /* Main.storyboard */; };
		39E62EB120FB218F00CD4E7C /* Assets.xcassets in Resources */ = {isa = PBXBuildFile; fileRef = 39E62EB020FB218F00CD4E7C /* Assets.xcassets */; };
		39E62EB420FB218F00CD4E7C /* LaunchScreen.storyboard in Resources */ = {isa = PBXBuildFile; fileRef = 39E62EB220FB218F00CD4E7C /* LaunchScreen.storyboard */; };
		39E62EBF20FB218F00CD4E7C /* CustomCollectinViewLayoutTests.swift in Sources */ = {isa = PBXBuildFile; fileRef = 39E62EBE20FB218F00CD4E7C /* CustomCollectinViewLayoutTests.swift */; };
		39E62ECA20FB218F00CD4E7C /* CustomCollectinViewLayoutUITests.swift in Sources */ = {isa = PBXBuildFile; fileRef = 39E62EC920FB218F00CD4E7C /* CustomCollectinViewLayoutUITests.swift */; };
		39E62ED820FB27CA00CD4E7C /* CustomLayout.swift in Sources */ = {isa = PBXBuildFile; fileRef = 39E62ED720FB27CA00CD4E7C /* CustomLayout.swift */; };
		39E62EDA20FE456100CD4E7C /* ImageCollectionViewCell.swift in Sources */ = {isa = PBXBuildFile; fileRef = 39E62ED920FE456100CD4E7C /* ImageCollectionViewCell.swift */; };
/* End PBXBuildFile section */

/* Begin PBXContainerItemProxy section */
		39E62EBB20FB218F00CD4E7C /* PBXContainerItemProxy */ = {
			isa = PBXContainerItemProxy;
			containerPortal = 39E62E9E20FB218C00CD4E7C /* Project object */;
			proxyType = 1;
			remoteGlobalIDString = 39E62EA520FB218C00CD4E7C;
			remoteInfo = CustomCollectinViewLayout;
		};
		39E62EC620FB218F00CD4E7C /* PBXContainerItemProxy */ = {
			isa = PBXContainerItemProxy;
			containerPortal = 39E62E9E20FB218C00CD4E7C /* Project object */;
			proxyType = 1;
			remoteGlobalIDString = 39E62EA520FB218C00CD4E7C;
			remoteInfo = CustomCollectinViewLayout;
		};
/* End PBXContainerItemProxy section */

/* Begin PBXFileReference section */
		39E62EA620FB218C00CD4E7C /* CustomCollectinViewLayout.app */ = {isa = PBXFileReference; explicitFileType = wrapper.application; includeInIndex = 0; path = CustomCollectinViewLayout.app; sourceTree = BUILT_PRODUCTS_DIR; };
		39E62EA920FB218C00CD4E7C /* AppDelegate.swift */ = {isa = PBXFileReference; lastKnownFileType = sourcecode.swift; path = AppDelegate.swift; sourceTree = "<group>"; };
		39E62EAB20FB218C00CD4E7C /* ViewController.swift */ = {isa = PBXFileReference; lastKnownFileType = sourcecode.swift; path = ViewController.swift; sourceTree = "<group>"; };
		39E62EAE20FB218C00CD4E7C /* Base */ = {isa = PBXFileReference; lastKnownFileType = file.storyboard; name = Base; path = Base.lproj/Main.storyboard; sourceTree = "<group>"; };
		39E62EB020FB218F00CD4E7C /* Assets.xcassets */ = {isa = PBXFileReference; lastKnownFileType = folder.assetcatalog; path = Assets.xcassets; sourceTree = "<group>"; };
		39E62EB320FB218F00CD4E7C /* Base */ = {isa = PBXFileReference; lastKnownFileType = file.storyboard; name = Base; path = Base.lproj/LaunchScreen.storyboard; sourceTree = "<group>"; };
		39E62EB520FB218F00CD4E7C /* Info.plist */ = {isa = PBXFileReference; lastKnownFileType = text.plist.xml; path = Info.plist; sourceTree = "<group>"; };
		39E62EBA20FB218F00CD4E7C /* CustomCollectinViewLayoutTests.xctest */ = {isa = PBXFileReference; explicitFileType = wrapper.cfbundle; includeInIndex = 0; path = CustomCollectinViewLayoutTests.xctest; sourceTree = BUILT_PRODUCTS_DIR; };
		39E62EBE20FB218F00CD4E7C /* CustomCollectinViewLayoutTests.swift */ = {isa = PBXFileReference; lastKnownFileType = sourcecode.swift; path = CustomCollectinViewLayoutTests.swift; sourceTree = "<group>"; };
		39E62EC020FB218F00CD4E7C /* Info.plist */ = {isa = PBXFileReference; lastKnownFileType = text.plist.xml; path = Info.plist; sourceTree = "<group>"; };
		39E62EC520FB218F00CD4E7C /* CustomCollectinViewLayoutUITests.xctest */ = {isa = PBXFileReference; explicitFileType = wrapper.cfbundle; includeInIndex = 0; path = CustomCollectinViewLayoutUITests.xctest; sourceTree = BUILT_PRODUCTS_DIR; };
		39E62EC920FB218F00CD4E7C /* CustomCollectinViewLayoutUITests.swift */ = {isa = PBXFileReference; lastKnownFileType = sourcecode.swift; path = CustomCollectinViewLayoutUITests.swift; sourceTree = "<group>"; };
		39E62ECB20FB218F00CD4E7C /* Info.plist */ = {isa = PBXFileReference; lastKnownFileType = text.plist.xml; path = Info.plist; sourceTree = "<group>"; };
		39E62ED720FB27CA00CD4E7C /* CustomLayout.swift */ = {isa = PBXFileReference; lastKnownFileType = sourcecode.swift; path = CustomLayout.swift; sourceTree = "<group>"; };
		39E62ED920FE456100CD4E7C /* ImageCollectionViewCell.swift */ = {isa = PBXFileReference; lastKnownFileType = sourcecode.swift; path = ImageCollectionViewCell.swift; sourceTree = "<group>"; };
/* End PBXFileReference section */

/* Begin PBXFrameworksBuildPhase section */
		39E62EA320FB218C00CD4E7C /* Frameworks */ = {
			isa = PBXFrameworksBuildPhase;
			buildActionMask = 2147483647;
			files = (
			);
			runOnlyForDeploymentPostprocessing = 0;
		};
		39E62EB720FB218F00CD4E7C /* Frameworks */ = {
			isa = PBXFrameworksBuildPhase;
			buildActionMask = 2147483647;
			files = (
			);
			runOnlyForDeploymentPostprocessing = 0;
		};
		39E62EC220FB218F00CD4E7C /* Frameworks */ = {
			isa = PBXFrameworksBuildPhase;
			buildActionMask = 2147483647;
			files = (
			);
			runOnlyForDeploymentPostprocessing = 0;
		};
/* End PBXFrameworksBuildPhase section */

/* Begin PBXGroup section */
		39E62E9D20FB218C00CD4E7C = {
			isa = PBXGroup;
			children = (
				39E62EA820FB218C00CD4E7C /* CustomCollectinViewLayout */,
				39E62EBD20FB218F00CD4E7C /* CustomCollectinViewLayoutTests */,
				39E62EC820FB218F00CD4E7C /* CustomCollectinViewLayoutUITests */,
				39E62EA720FB218C00CD4E7C /* Products */,
			);
			sourceTree = "<group>";
		};
		39E62EA720FB218C00CD4E7C /* Products */ = {
			isa = PBXGroup;
			children = (
				39E62EA620FB218C00CD4E7C /* CustomCollectinViewLayout.app */,
				39E62EBA20FB218F00CD4E7C /* CustomCollectinViewLayoutTests.xctest */,
				39E62EC520FB218F00CD4E7C /* CustomCollectinViewLayoutUITests.xctest */,
			);
			name = Products;
			sourceTree = "<group>";
		};
		39E62EA820FB218C00CD4E7C /* CustomCollectinViewLayout */ = {
			isa = PBXGroup;
			children = (
				39E62EA920FB218C00CD4E7C /* AppDelegate.swift */,
				39E62EAB20FB218C00CD4E7C /* ViewController.swift */,
				39E62ED720FB27CA00CD4E7C /* CustomLayout.swift */,
				39E62ED920FE456100CD4E7C /* ImageCollectionViewCell.swift */,
				39E62EAD20FB218C00CD4E7C /* Main.storyboard */,
				39E62EB020FB218F00CD4E7C /* Assets.xcassets */,
				39E62EB220FB218F00CD4E7C /* LaunchScreen.storyboard */,
				39E62EB520FB218F00CD4E7C /* Info.plist */,
			);
			path = CustomCollectinViewLayout;
			sourceTree = "<group>";
		};
		39E62EBD20FB218F00CD4E7C /* CustomCollectinViewLayoutTests */ = {
			isa = PBXGroup;
			children = (
				39E62EBE20FB218F00CD4E7C /* CustomCollectinViewLayoutTests.swift */,
				39E62EC020FB218F00CD4E7C /* Info.plist */,
			);
			path = CustomCollectinViewLayoutTests;
			sourceTree = "<group>";
		};
		39E62EC820FB218F00CD4E7C /* CustomCollectinViewLayoutUITests */ = {
			isa = PBXGroup;
			children = (
				39E62EC920FB218F00CD4E7C /* CustomCollectinViewLayoutUITests.swift */,
				39E62ECB20FB218F00CD4E7C /* Info.plist */,
			);
			path = CustomCollectinViewLayoutUITests;
			sourceTree = "<group>";
		};
/* End PBXGroup section */

/* Begin PBXNativeTarget section */
		39E62EA520FB218C00CD4E7C /* CustomCollectinViewLayout */ = {
			isa = PBXNativeTarget;
			buildConfigurationList = 39E62ECE20FB218F00CD4E7C /* Build configuration list for PBXNativeTarget "CustomCollectinViewLayout" */;
			buildPhases = (
				39E62EA220FB218C00CD4E7C /* Sources */,
				39E62EA320FB218C00CD4E7C /* Frameworks */,
				39E62EA420FB218C00CD4E7C /* Resources */,
			);
			buildRules = (
			);
			dependencies = (
			);
			name = CustomCollectinViewLayout;
			productName = CustomCollectinViewLayout;
			productReference = 39E62EA620FB218C00CD4E7C /* CustomCollectinViewLayout.app */;
			productType = "com.apple.product-type.application";
		};
		39E62EB920FB218F00CD4E7C /* CustomCollectinViewLayoutTests */ = {
			isa = PBXNativeTarget;
			buildConfigurationList = 39E62ED120FB218F00CD4E7C /* Build configuration list for PBXNativeTarget "CustomCollectinViewLayoutTests" */;
			buildPhases = (
				39E62EB620FB218F00CD4E7C /* Sources */,
				39E62EB720FB218F00CD4E7C /* Frameworks */,
				39E62EB820FB218F00CD4E7C /* Resources */,
			);
			buildRules = (
			);
			dependencies = (
				39E62EBC20FB218F00CD4E7C /* PBXTargetDependency */,
			);
			name = CustomCollectinViewLayoutTests;
			productName = CustomCollectinViewLayoutTests;
			productReference = 39E62EBA20FB218F00CD4E7C /* CustomCollectinViewLayoutTests.xctest */;
			productType = "com.apple.product-type.bundle.unit-test";
		};
		39E62EC420FB218F00CD4E7C /* CustomCollectinViewLayoutUITests */ = {
			isa = PBXNativeTarget;
			buildConfigurationList = 39E62ED420FB218F00CD4E7C /* Build configuration list for PBXNativeTarget "CustomCollectinViewLayoutUITests" */;
			buildPhases = (
				39E62EC120FB218F00CD4E7C /* Sources */,
				39E62EC220FB218F00CD4E7C /* Frameworks */,
				39E62EC320FB218F00CD4E7C /* Resources */,
			);
			buildRules = (
			);
			dependencies = (
				39E62EC720FB218F00CD4E7C /* PBXTargetDependency */,
			);
			name = CustomCollectinViewLayoutUITests;
			productName = CustomCollectinViewLayoutUITests;
			productReference = 39E62EC520FB218F00CD4E7C /* CustomCollectinViewLayoutUITests.xctest */;
			productType = "com.apple.product-type.bundle.ui-testing";
		};
/* End PBXNativeTarget section */

/* Begin PBXProject section */
		39E62E9E20FB218C00CD4E7C /* Project object */ = {
			isa = PBXProject;
			attributes = {
				LastSwiftUpdateCheck = 0940;
				LastUpgradeCheck = 0940;
				ORGANIZATIONNAME = Kilian;
				TargetAttributes = {
					39E62EA520FB218C00CD4E7C = {
						CreatedOnToolsVersion = 9.4.1;
					};
					39E62EB920FB218F00CD4E7C = {
						CreatedOnToolsVersion = 9.4.1;
						TestTargetID = 39E62EA520FB218C00CD4E7C;
					};
					39E62EC420FB218F00CD4E7C = {
						CreatedOnToolsVersion = 9.4.1;
						TestTargetID = 39E62EA520FB218C00CD4E7C;
					};
				};
			};
			buildConfigurationList = 39E62EA120FB218C00CD4E7C /* Build configuration list for PBXProject "CustomCollectinViewLayout" */;
			compatibilityVersion = "Xcode 9.3";
			developmentRegion = en;
			hasScannedForEncodings = 0;
			knownRegions = (
				en,
				Base,
			);
			mainGroup = 39E62E9D20FB218C00CD4E7C;
			productRefGroup = 39E62EA720FB218C00CD4E7C /* Products */;
			projectDirPath = "";
			projectRoot = "";
			targets = (
				39E62EA520FB218C00CD4E7C /* CustomCollectinViewLayout */,
				39E62EB920FB218F00CD4E7C /* CustomCollectinViewLayoutTests */,
				39E62EC420FB218F00CD4E7C /* CustomCollectinViewLayoutUITests */,
			);
		};
/* End PBXProject section */

/* Begin PBXResourcesBuildPhase section */
		39E62EA420FB218C00CD4E7C /* Resources */ = {
			isa = PBXResourcesBuildPhase;
			buildActionMask = 2147483647;
			files = (
				39E62EB420FB218F00CD4E7C /* LaunchScreen.storyboard in Resources */,
				39E62EB120FB218F00CD4E7C /* Assets.xcassets in Resources */,
				39E62EAF20FB218C00CD4E7C /* Main.storyboard in Resources */,
			);
			runOnlyForDeploymentPostprocessing = 0;
		};
		39E62EB820FB218F00CD4E7C /* Resources */ = {
			isa = PBXResourcesBuildPhase;
			buildActionMask = 2147483647;
			files = (
			);
			runOnlyForDeploymentPostprocessing = 0;
		};
		39E62EC320FB218F00CD4E7C /* Resources */ = {
			isa = PBXResourcesBuildPhase;
			buildActionMask = 2147483647;
			files = (
			);
			runOnlyForDeploymentPostprocessing = 0;
		};
/* End PBXResourcesBuildPhase section */

/* Begin PBXSourcesBuildPhase section */
		39E62EA220FB218C00CD4E7C /* Sources */ = {
			isa = PBXSourcesBuildPhase;
			buildActionMask = 2147483647;
			files = (
				39E62ED820FB27CA00CD4E7C /* CustomLayout.swift in Sources */,
				39E62EAC20FB218C00CD4E7C /* ViewController.swift in Sources */,
				39E62EDA20FE456100CD4E7C /* ImageCollectionViewCell.swift in Sources */,
				39E62EAA20FB218C00CD4E7C /* AppDelegate.swift in Sources */,
			);
			runOnlyForDeploymentPostprocessing = 0;
		};
		39E62EB620FB218F00CD4E7C /* Sources */ = {
			isa = PBXSourcesBuildPhase;
			buildActionMask = 2147483647;
			files = (
				39E62EBF20FB218F00CD4E7C /* CustomCollectinViewLayoutTests.swift in Sources */,
			);
			runOnlyForDeploymentPostprocessing = 0;
		};
		39E62EC120FB218F00CD4E7C /* Sources */ = {
			isa = PBXSourcesBuildPhase;
			buildActionMask = 2147483647;
			files = (
				39E62ECA20FB218F00CD4E7C /* CustomCollectinViewLayoutUITests.swift in Sources */,
			);
			runOnlyForDeploymentPostprocessing = 0;
		};
/* End PBXSourcesBuildPhase section */

/* Begin PBXTargetDependency section */
		39E62EBC20FB218F00CD4E7C /* PBXTargetDependency */ = {
			isa = PBXTargetDependency;
			target = 39E62EA520FB218C00CD4E7C /* CustomCollectinViewLayout */;
			targetProxy = 39E62EBB20FB218F00CD4E7C /* PBXContainerItemProxy */;
		};
		39E62EC720FB218F00CD4E7C /* PBXTargetDependency */ = {
			isa = PBXTargetDependency;
			target = 39E62EA520FB218C00CD4E7C /* CustomCollectinViewLayout */;
			targetProxy = 39E62EC620FB218F00CD4E7C /* PBXContainerItemProxy */;
		};
/* End PBXTargetDependency section */

/* Begin PBXVariantGroup section */
		39E62EAD20FB218C00CD4E7C /* Main.storyboard */ = {
			isa = PBXVariantGroup;
			children = (
				39E62EAE20FB218C00CD4E7C /* Base */,
			);
			name = Main.storyboard;
			sourceTree = "<group>";
		};
		39E62EB220FB218F00CD4E7C /* LaunchScreen.storyboard */ = {
			isa = PBXVariantGroup;
			children = (
				39E62EB320FB218F00CD4E7C /* Base */,
			);
			name = LaunchScreen.storyboard;
			sourceTree = "<group>";
		};
/* End PBXVariantGroup section */

/* Begin XCBuildConfiguration section */
		39E62ECC20FB218F00CD4E7C /* Debug */ = {
			isa = XCBuildConfiguration;
			buildSettings = {
				ALWAYS_SEARCH_USER_PATHS = NO;
				CLANG_ANALYZER_NONNULL = YES;
				CLANG_ANALYZER_NUMBER_OBJECT_CONVERSION = YES_AGGRESSIVE;
				CLANG_CXX_LANGUAGE_STANDARD = "gnu++14";
				CLANG_CXX_LIBRARY = "libc++";
				CLANG_ENABLE_MODULES = YES;
				CLANG_ENABLE_OBJC_ARC = YES;
				CLANG_ENABLE_OBJC_WEAK = YES;
				CLANG_WARN_BLOCK_CAPTURE_AUTORELEASING = YES;
				CLANG_WARN_BOOL_CONVERSION = YES;
				CLANG_WARN_COMMA = YES;
				CLANG_WARN_CONSTANT_CONVERSION = YES;
				CLANG_WARN_DEPRECATED_OBJC_IMPLEMENTATIONS = YES;
				CLANG_WARN_DIRECT_OBJC_ISA_USAGE = YES_ERROR;
				CLANG_WARN_DOCUMENTATION_COMMENTS = YES;
				CLANG_WARN_EMPTY_BODY = YES;
				CLANG_WARN_ENUM_CONVERSION = YES;
				CLANG_WARN_INFINITE_RECURSION = YES;
				CLANG_WARN_INT_CONVERSION = YES;
				CLANG_WARN_NON_LITERAL_NULL_CONVERSION = YES;
				CLANG_WARN_OBJC_IMPLICIT_RETAIN_SELF = YES;
				CLANG_WARN_OBJC_LITERAL_CONVERSION = YES;
				CLANG_WARN_OBJC_ROOT_CLASS = YES_ERROR;
				CLANG_WARN_RANGE_LOOP_ANALYSIS = YES;
				CLANG_WARN_STRICT_PROTOTYPES = YES;
				CLANG_WARN_SUSPICIOUS_MOVE = YES;
				CLANG_WARN_UNGUARDED_AVAILABILITY = YES_AGGRESSIVE;
				CLANG_WARN_UNREACHABLE_CODE = YES;
				CLANG_WARN__DUPLICATE_METHOD_MATCH = YES;
				CODE_SIGN_IDENTITY = "iPhone Developer";
				COPY_PHASE_STRIP = NO;
				DEBUG_INFORMATION_FORMAT = dwarf;
				ENABLE_STRICT_OBJC_MSGSEND = YES;
				ENABLE_TESTABILITY = YES;
				GCC_C_LANGUAGE_STANDARD = gnu11;
				GCC_DYNAMIC_NO_PIC = NO;
				GCC_NO_COMMON_BLOCKS = YES;
				GCC_OPTIMIZATION_LEVEL = 0;
				GCC_PREPROCESSOR_DEFINITIONS = (
					"DEBUG=1",
					"$(inherited)",
				);
				GCC_WARN_64_TO_32_BIT_CONVERSION = YES;
				GCC_WARN_ABOUT_RETURN_TYPE = YES_ERROR;
				GCC_WARN_UNDECLARED_SELECTOR = YES;
				GCC_WARN_UNINITIALIZED_AUTOS = YES_AGGRESSIVE;
				GCC_WARN_UNUSED_FUNCTION = YES;
				GCC_WARN_UNUSED_VARIABLE = YES;
				IPHONEOS_DEPLOYMENT_TARGET = 11.4;
				MTL_ENABLE_DEBUG_INFO = YES;
				ONLY_ACTIVE_ARCH = YES;
				SDKROOT = iphoneos;
				SWIFT_ACTIVE_COMPILATION_CONDITIONS = DEBUG;
				SWIFT_OPTIMIZATION_LEVEL = "-Onone";
			};
			name = Debug;
		};
		39E62ECD20FB218F00CD4E7C /* Release */ = {
			isa = XCBuildConfiguration;
			buildSettings = {
				ALWAYS_SEARCH_USER_PATHS = NO;
				CLANG_ANALYZER_NONNULL = YES;
				CLANG_ANALYZER_NUMBER_OBJECT_CONVERSION = YES_AGGRESSIVE;
				CLANG_CXX_LANGUAGE_STANDARD = "gnu++14";
				CLANG_CXX_LIBRARY = "libc++";
				CLANG_ENABLE_MODULES = YES;
				CLANG_ENABLE_OBJC_ARC = YES;
				CLANG_ENABLE_OBJC_WEAK = YES;
				CLANG_WARN_BLOCK_CAPTURE_AUTORELEASING = YES;
				CLANG_WARN_BOOL_CONVERSION = YES;
				CLANG_WARN_COMMA = YES;
				CLANG_WARN_CONSTANT_CONVERSION = YES;
				CLANG_WARN_DEPRECATED_OBJC_IMPLEMENTATIONS = YES;
				CLANG_WARN_DIRECT_OBJC_ISA_USAGE = YES_ERROR;
				CLANG_WARN_DOCUMENTATION_COMMENTS = YES;
				CLANG_WARN_EMPTY_BODY = YES;
				CLANG_WARN_ENUM_CONVERSION = YES;
				CLANG_WARN_INFINITE_RECURSION = YES;
				CLANG_WARN_INT_CONVERSION = YES;
				CLANG_WARN_NON_LITERAL_NULL_CONVERSION = YES;
				CLANG_WARN_OBJC_IMPLICIT_RETAIN_SELF = YES;
				CLANG_WARN_OBJC_LITERAL_CONVERSION = YES;
				CLANG_WARN_OBJC_ROOT_CLASS = YES_ERROR;
				CLANG_WARN_RANGE_LOOP_ANALYSIS = YES;
				CLANG_WARN_STRICT_PROTOTYPES = YES;
				CLANG_WARN_SUSPICIOUS_MOVE = YES;
				CLANG_WARN_UNGUARDED_AVAILABILITY = YES_AGGRESSIVE;
				CLANG_WARN_UNREACHABLE_CODE = YES;
				CLANG_WARN__DUPLICATE_METHOD_MATCH = YES;
				CODE_SIGN_IDENTITY = "iPhone Developer";
				COPY_PHASE_STRIP = NO;
				DEBUG_INFORMATION_FORMAT = "dwarf-with-dsym";
				ENABLE_NS_ASSERTIONS = NO;
				ENABLE_STRICT_OBJC_MSGSEND = YES;
				GCC_C_LANGUAGE_STANDARD = gnu11;
				GCC_NO_COMMON_BLOCKS = YES;
				GCC_WARN_64_TO_32_BIT_CONVERSION = YES;
				GCC_WARN_ABOUT_RETURN_TYPE = YES_ERROR;
				GCC_WARN_UNDECLARED_SELECTOR = YES;
				GCC_WARN_UNINITIALIZED_AUTOS = YES_AGGRESSIVE;
				GCC_WARN_UNUSED_FUNCTION = YES;
				GCC_WARN_UNUSED_VARIABLE = YES;
				IPHONEOS_DEPLOYMENT_TARGET = 11.4;
				MTL_ENABLE_DEBUG_INFO = NO;
				SDKROOT = iphoneos;
				SWIFT_COMPILATION_MODE = wholemodule;
				SWIFT_OPTIMIZATION_LEVEL = "-O";
				VALIDATE_PRODUCT = YES;
			};
			name = Release;
		};
		39E62ECF20FB218F00CD4E7C /* Debug */ = {
			isa = XCBuildConfiguration;
			buildSettings = {
				ASSETCATALOG_COMPILER_APPICON_NAME = AppIcon;
				CODE_SIGN_STYLE = Automatic;
				DEVELOPMENT_TEAM = V4EQG7WTM5;
				INFOPLIST_FILE = CustomCollectinViewLayout/Info.plist;
				LD_RUNPATH_SEARCH_PATHS = (
					"$(inherited)",
					"@executable_path/Frameworks",
				);
				PRODUCT_BUNDLE_IDENTIFIER = Kiian.CustomCollectinViewLayout;
				PRODUCT_NAME = "$(TARGET_NAME)";
				SWIFT_VERSION = 4.0;
				TARGETED_DEVICE_FAMILY = "1,2";
			};
			name = Debug;
		};
		39E62ED020FB218F00CD4E7C /* Release */ = {
			isa = XCBuildConfiguration;
			buildSettings = {
				ASSETCATALOG_COMPILER_APPICON_NAME = AppIcon;
				CODE_SIGN_STYLE = Automatic;
				DEVELOPMENT_TEAM = V4EQG7WTM5;
				INFOPLIST_FILE = CustomCollectinViewLayout/Info.plist;
				LD_RUNPATH_SEARCH_PATHS = (
					"$(inherited)",
					"@executable_path/Frameworks",
				);
				PRODUCT_BUNDLE_IDENTIFIER = Kiian.CustomCollectinViewLayout;
				PRODUCT_NAME = "$(TARGET_NAME)";
				SWIFT_VERSION = 4.0;
				TARGETED_DEVICE_FAMILY = "1,2";
			};
			name = Release;
		};
		39E62ED220FB218F00CD4E7C /* Debug */ = {
			isa = XCBuildConfiguration;
			buildSettings = {
				ALWAYS_EMBED_SWIFT_STANDARD_LIBRARIES = YES;
				BUNDLE_LOADER = "$(TEST_HOST)";
				CODE_SIGN_STYLE = Automatic;
				DEVELOPMENT_TEAM = V4EQG7WTM5;
				INFOPLIST_FILE = CustomCollectinViewLayoutTests/Info.plist;
				LD_RUNPATH_SEARCH_PATHS = (
					"$(inherited)",
					"@executable_path/Frameworks",
					"@loader_path/Frameworks",
				);
				PRODUCT_BUNDLE_IDENTIFIER = Kiian.CustomCollectinViewLayoutTests;
				PRODUCT_NAME = "$(TARGET_NAME)";
				SWIFT_VERSION = 4.0;
				TARGETED_DEVICE_FAMILY = "1,2";
				TEST_HOST = "$(BUILT_PRODUCTS_DIR)/CustomCollectinViewLayout.app/CustomCollectinViewLayout";
			};
			name = Debug;
		};
		39E62ED320FB218F00CD4E7C /* Release */ = {
			isa = XCBuildConfiguration;
			buildSettings = {
				ALWAYS_EMBED_SWIFT_STANDARD_LIBRARIES = YES;
				BUNDLE_LOADER = "$(TEST_HOST)";
				CODE_SIGN_STYLE = Automatic;
				DEVELOPMENT_TEAM = V4EQG7WTM5;
				INFOPLIST_FILE = CustomCollectinViewLayoutTests/Info.plist;
				LD_RUNPATH_SEARCH_PATHS = (
					"$(inherited)",
					"@executable_path/Frameworks",
					"@loader_path/Frameworks",
				);
				PRODUCT_BUNDLE_IDENTIFIER = Kiian.CustomCollectinViewLayoutTests;
				PRODUCT_NAME = "$(TARGET_NAME)";
				SWIFT_VERSION = 4.0;
				TARGETED_DEVICE_FAMILY = "1,2";
				TEST_HOST = "$(BUILT_PRODUCTS_DIR)/CustomCollectinViewLayout.app/CustomCollectinViewLayout";
			};
			name = Release;
		};
		39E62ED520FB218F00CD4E7C /* Debug */ = {
			isa = XCBuildConfiguration;
			buildSettings = {
				ALWAYS_EMBED_SWIFT_STANDARD_LIBRARIES = YES;
				CODE_SIGN_STYLE = Automatic;
				DEVELOPMENT_TEAM = V4EQG7WTM5;
				INFOPLIST_FILE = CustomCollectinViewLayoutUITests/Info.plist;
				LD_RUNPATH_SEARCH_PATHS = (
					"$(inherited)",
					"@executable_path/Frameworks",
					"@loader_path/Frameworks",
				);
				PRODUCT_BUNDLE_IDENTIFIER = Kiian.CustomCollectinViewLayoutUITests;
				PRODUCT_NAME = "$(TARGET_NAME)";
				SWIFT_VERSION = 4.0;
				TARGETED_DEVICE_FAMILY = "1,2";
				TEST_TARGET_NAME = CustomCollectinViewLayout;
			};
			name = Debug;
		};
		39E62ED620FB218F00CD4E7C /* Release */ = {
			isa = XCBuildConfiguration;
			buildSettings = {
				ALWAYS_EMBED_SWIFT_STANDARD_LIBRARIES = YES;
				CODE_SIGN_STYLE = Automatic;
				DEVELOPMENT_TEAM = V4EQG7WTM5;
				INFOPLIST_FILE = CustomCollectinViewLayoutUITests/Info.plist;
				LD_RUNPATH_SEARCH_PATHS = (
					"$(inherited)",
					"@executable_path/Frameworks",
					"@loader_path/Frameworks",
				);
				PRODUCT_BUNDLE_IDENTIFIER = Kiian.CustomCollectinViewLayoutUITests;
				PRODUCT_NAME = "$(TARGET_NAME)";
				SWIFT_VERSION = 4.0;
				TARGETED_DEVICE_FAMILY = "1,2";
				TEST_TARGET_NAME = CustomCollectinViewLayout;
			};
			name = Release;
		};
/* End XCBuildConfiguration section */

/* Begin XCConfigurationList section */
		39E62EA120FB218C00CD4E7C /* Build configuration list for PBXProject "CustomCollectinViewLayout" */ = {
			isa = XCConfigurationList;
			buildConfigurations = (
				39E62ECC20FB218F00CD4E7C /* Debug */,
				39E62ECD20FB218F00CD4E7C /* Release */,
			);
			defaultConfigurationIsVisible = 0;
			defaultConfigurationName = Release;
		};
		39E62ECE20FB218F00CD4E7C /* Build configuration list for PBXNativeTarget "CustomCollectinViewLayout" */ = {
			isa = XCConfigurationList;
			buildConfigurations = (
				39E62ECF20FB218F00CD4E7C /* Debug */,
				39E62ED020FB218F00CD4E7C /* Release */,
			);
			defaultConfigurationIsVisible = 0;
			defaultConfigurationName = Release;
		};
		39E62ED120FB218F00CD4E7C /* Build configuration list for PBXNativeTarget "CustomCollectinViewLayoutTests" */ = {
			isa = XCConfigurationList;
			buildConfigurations = (
				39E62ED220FB218F00CD4E7C /* Debug */,
				39E62ED320FB218F00CD4E7C /* Release */,
			);
			defaultConfigurationIsVisible = 0;
			defaultConfigurationName = Release;
		};
		39E62ED420FB218F00CD4E7C /* Build configuration list for PBXNativeTarget "CustomCollectinViewLayoutUITests" */ = {
			isa = XCConfigurationList;
			buildConfigurations = (
				39E62ED520FB218F00CD4E7C /* Debug */,
				39E62ED620FB218F00CD4E7C /* Release */,
			);
			defaultConfigurationIsVisible = 0;
			defaultConfigurationName = Release;
		};
/* End XCConfigurationList section */
	};
	rootObject = 39E62E9E20FB218C00CD4E7C /* Project object */;
}
